// !$*UTF8*$!
{
	archiveVersion = 1;
	classes = {
	};
	objectVersion = 77;
	objects = {

/* Begin PBXBuildFile section */
		96404C2F2E152CA800D4B33B /* WidgetKit.framework in Frameworks */ = {isa = PBXBuildFile; fileRef = 96404C2E2E152CA800D4B33B /* WidgetKit.framework */; };
		96404C312E152CA800D4B33B /* SwiftUI.framework in Frameworks */ = {isa = PBXBuildFile; fileRef = 96404C302E152CA800D4B33B /* SwiftUI.framework */; };
		96404C422E152CA900D4B33B /* PawstepsWidgetsExtension.appex in Embed Foundation Extensions */ = {isa = PBXBuildFile; fileRef = 96404C2C2E152CA800D4B33B /* PawstepsWidgetsExtension.appex */; settings = {ATTRIBUTES = (RemoveHeadersOnCopy, ); }; };
/* End PBXBuildFile section */

/* Begin PBXContainerItemProxy section */
		96404C402E152CA900D4B33B /* PBXContainerItemProxy */ = {
			isa = PBXContainerItemProxy;
			containerPortal = 963419B12DF5CAA200DD59F9 /* Project object */;
			proxyType = 1;
			remoteGlobalIDString = 96404C2B2E152CA800D4B33B;
			remoteInfo = PawstepsWidgetsExtension;
		};
/* End PBXContainerItemProxy section */

/* Begin PBXCopyFilesBuildPhase section */
		96404C472E152CA900D4B33B /* Embed Foundation Extensions */ = {
			isa = PBXCopyFilesBuildPhase;
			buildActionMask = 2147483647;
			dstPath = "";
			dstSubfolderSpec = 13;
			files = (
				96404C422E152CA900D4B33B /* PawstepsWidgetsExtension.appex in Embed Foundation Extensions */,
			);
			name = "Embed Foundation Extensions";
			runOnlyForDeploymentPostprocessing = 0;
		};
/* End PBXCopyFilesBuildPhase section */

/* Begin PBXFileReference section */
		963419B92DF5CAA200DD59F9 /* Pawsteps.app */ = {isa = PBXFileReference; explicitFileType = wrapper.application; includeInIndex = 0; path = Pawsteps.app; sourceTree = BUILT_PRODUCTS_DIR; };
		96404C2C2E152CA800D4B33B /* PawstepsWidgetsExtension.appex */ = {isa = PBXFileReference; explicitFileType = "wrapper.app-extension"; includeInIndex = 0; path = PawstepsWidgetsExtension.appex; sourceTree = BUILT_PRODUCTS_DIR; };
		96404C2E2E152CA800D4B33B /* WidgetKit.framework */ = {isa = PBXFileReference; lastKnownFileType = wrapper.framework; name = WidgetKit.framework; path = System/Library/Frameworks/WidgetKit.framework; sourceTree = SDKROOT; };
		96404C302E152CA800D4B33B /* SwiftUI.framework */ = {isa = PBXFileReference; lastKnownFileType = wrapper.framework; name = SwiftUI.framework; path = System/Library/Frameworks/SwiftUI.framework; sourceTree = SDKROOT; };
/* End PBXFileReference section */

/* Begin PBXFileSystemSynchronizedBuildFileExceptionSet section */
		96404C432E152CA900D4B33B /* Exceptions for "PawstepsWidgets" folder in "PawstepsWidgetsExtension" target */ = {
			isa = PBXFileSystemSynchronizedBuildFileExceptionSet;
			membershipExceptions = (
				Info.plist,
			);
			target = 96404C2B2E152CA800D4B33B /* PawstepsWidgetsExtension */;
		};
		96404C532E1531FE00D4B33B /* Exceptions for "Pawsteps" folder in "PawstepsWidgetsExtension" target */ = {
			isa = PBXFileSystemSynchronizedBuildFileExceptionSet;
			membershipExceptions = (
				Models/WalkActivityAttributes.swift,
			);
			target = 96404C2B2E152CA800D4B33B /* PawstepsWidgetsExtension */;
		};
		96404C572E16B2E800D4B33B /* Exceptions for "Pawsteps" folder in "Pawsteps" target */ = {
			isa = PBXFileSystemSynchronizedBuildFileExceptionSet;
			membershipExceptions = (
				Info.plist,
			);
			target = 963419B82DF5CAA200DD59F9 /* Pawsteps */;
		};
/* End PBXFileSystemSynchronizedBuildFileExceptionSet section */

/* Begin PBXFileSystemSynchronizedRootGroup section */
		963419BB2DF5CAA200DD59F9 /* Pawsteps */ = {
			isa = PBXFileSystemSynchronizedRootGroup;
			exceptions = (
				96404C572E16B2E800D4B33B /* Exceptions for "Pawsteps" folder in "Pawsteps" target */,
				96404C532E1531FE00D4B33B /* Exceptions for "Pawsteps" folder in "PawstepsWidgetsExtension" target */,
			);
			path = Pawsteps;
			sourceTree = "<group>";
		};
		96404C322E152CA800D4B33B /* PawstepsWidgets */ = {
			isa = PBXFileSystemSynchronizedRootGroup;
			exceptions = (
				96404C432E152CA900D4B33B /* Exceptions for "PawstepsWidgets" folder in "PawstepsWidgetsExtension" target */,
			);
			path = PawstepsWidgets;
			sourceTree = "<group>";
		};
/* End PBXFileSystemSynchronizedRootGroup section */

/* Begin PBXFrameworksBuildPhase section */
		963419B62DF5CAA200DD59F9 /* Frameworks */ = {
			isa = PBXFrameworksBuildPhase;
			buildActionMask = 2147483647;
			files = (
			);
			runOnlyForDeploymentPostprocessing = 0;
		};
		96404C292E152CA800D4B33B /* Frameworks */ = {
			isa = PBXFrameworksBuildPhase;
			buildActionMask = 2147483647;
			files = (
				96404C312E152CA800D4B33B /* SwiftUI.framework in Frameworks */,
				96404C2F2E152CA800D4B33B /* WidgetKit.framework in Frameworks */,
			);
			runOnlyForDeploymentPostprocessing = 0;
		};
/* End PBXFrameworksBuildPhase section */

/* Begin PBXGroup section */
		963419B02DF5CAA200DD59F9 = {
			isa = PBXGroup;
			children = (
				963419BB2DF5CAA200DD59F9 /* Pawsteps */,
				96404C322E152CA800D4B33B /* PawstepsWidgets */,
				96404C2D2E152CA800D4B33B /* Frameworks */,
				963419BA2DF5CAA200DD59F9 /* Products */,
			);
			sourceTree = "<group>";
		};
		963419BA2DF5CAA200DD59F9 /* Products */ = {
			isa = PBXGroup;
			children = (
				963419B92DF5CAA200DD59F9 /* Pawsteps.app */,
				96404C2C2E152CA800D4B33B /* PawstepsWidgetsExtension.appex */,
			);
			name = Products;
			sourceTree = "<group>";
		};
		96404C2D2E152CA800D4B33B /* Frameworks */ = {
			isa = PBXGroup;
			children = (
				96404C2E2E152CA800D4B33B /* WidgetKit.framework */,
				96404C302E152CA800D4B33B /* SwiftUI.framework */,
			);
			name = Frameworks;
			sourceTree = "<group>";
		};
/* End PBXGroup section */

/* Begin PBXNativeTarget section */
		963419B82DF5CAA200DD59F9 /* Pawsteps */ = {
			isa = PBXNativeTarget;
			buildConfigurationList = 963419C72DF5CAA400DD59F9 /* Build configuration list for PBXNativeTarget "Pawsteps" */;
			buildPhases = (
				963419B52DF5CAA200DD59F9 /* Sources */,
				963419B62DF5CAA200DD59F9 /* Frameworks */,
				963419B72DF5CAA200DD59F9 /* Resources */,
				96404C472E152CA900D4B33B /* Embed Foundation Extensions */,
			);
			buildRules = (
			);
			dependencies = (
				96404C412E152CA900D4B33B /* PBXTargetDependency */,
			);
			fileSystemSynchronizedGroups = (
				963419BB2DF5CAA200DD59F9 /* Pawsteps */,
			);
			name = Pawsteps;
			packageProductDependencies = (
			);
			productName = Pawsteps;
			productReference = 963419B92DF5CAA200DD59F9 /* Pawsteps.app */;
			productType = "com.apple.product-type.application";
		};
		96404C2B2E152CA800D4B33B /* PawstepsWidgetsExtension */ = {
			isa = PBXNativeTarget;
			buildConfigurationList = 96404C442E152CA900D4B33B /* Build configuration list for PBXNativeTarget "PawstepsWidgetsExtension" */;
			buildPhases = (
				96404C282E152CA800D4B33B /* Sources */,
				96404C292E152CA800D4B33B /* Frameworks */,
				96404C2A2E152CA800D4B33B /* Resources */,
			);
			buildRules = (
			);
			dependencies = (
			);
			fileSystemSynchronizedGroups = (
				96404C322E152CA800D4B33B /* PawstepsWidgets */,
			);
			name = PawstepsWidgetsExtension;
			packageProductDependencies = (
			);
			productName = PawstepsWidgetsExtension;
			productReference = 96404C2C2E152CA800D4B33B /* PawstepsWidgetsExtension.appex */;
			productType = "com.apple.product-type.app-extension";
		};
/* End PBXNativeTarget section */

/* Begin PBXProject section */
		963419B12DF5CAA200DD59F9 /* Project object */ = {
			isa = PBXProject;
			attributes = {
				BuildIndependentTargetsInParallel = 1;
				LastSwiftUpdateCheck = 1640;
				LastUpgradeCheck = 1620;
				TargetAttributes = {
					963419B82DF5CAA200DD59F9 = {
						CreatedOnToolsVersion = 16.2;
					};
					96404C2B2E152CA800D4B33B = {
						CreatedOnToolsVersion = 16.4;
					};
				};
			};
			buildConfigurationList = 963419B42DF5CAA200DD59F9 /* Build configuration list for PBXProject "Pawsteps" */;
			developmentRegion = en;
			hasScannedForEncodings = 0;
			knownRegions = (
				en,
				Base,
			);
			mainGroup = 963419B02DF5CAA200DD59F9;
			minimizedProjectReferenceProxies = 1;
			preferredProjectObjectVersion = 77;
			productRefGroup = 963419BA2DF5CAA200DD59F9 /* Products */;
			projectDirPath = "";
			projectRoot = "";
			targets = (
				963419B82DF5CAA200DD59F9 /* Pawsteps */,
				96404C2B2E152CA800D4B33B /* PawstepsWidgetsExtension */,
			);
		};
/* End PBXProject section */

/* Begin PBXResourcesBuildPhase section */
		963419B72DF5CAA200DD59F9 /* Resources */ = {
			isa = PBXResourcesBuildPhase;
			buildActionMask = 2147483647;
			files = (
			);
			runOnlyForDeploymentPostprocessing = 0;
		};
		96404C2A2E152CA800D4B33B /* Resources */ = {
			isa = PBXResourcesBuildPhase;
			buildActionMask = 2147483647;
			files = (
			);
			runOnlyForDeploymentPostprocessing = 0;
		};
/* End PBXResourcesBuildPhase section */

/* Begin PBXSourcesBuildPhase section */
		963419B52DF5CAA200DD59F9 /* Sources */ = {
			isa = PBXSourcesBuildPhase;
			buildActionMask = 2147483647;
			files = (
			);
			runOnlyForDeploymentPostprocessing = 0;
		};
		96404C282E152CA800D4B33B /* Sources */ = {
			isa = PBXSourcesBuildPhase;
			buildActionMask = 2147483647;
			files = (
			);
			runOnlyForDeploymentPostprocessing = 0;
		};
/* End PBXSourcesBuildPhase section */

/* Begin PBXTargetDependency section */
		96404C412E152CA900D4B33B /* PBXTargetDependency */ = {
			isa = PBXTargetDependency;
			target = 96404C2B2E152CA800D4B33B /* PawstepsWidgetsExtension */;
			targetProxy = 96404C402E152CA900D4B33B /* PBXContainerItemProxy */;
		};
/* End PBXTargetDependency section */

/* Begin XCBuildConfiguration section */
		963419C52DF5CAA400DD59F9 /* Debug */ = {
			isa = XCBuildConfiguration;
			buildSettings = {
				ALWAYS_SEARCH_USER_PATHS = NO;
				ASSETCATALOG_COMPILER_GENERATE_SWIFT_ASSET_SYMBOL_EXTENSIONS = YES;
				CLANG_ANALYZER_NONNULL = YES;
				CLANG_ANALYZER_NUMBER_OBJECT_CONVERSION = YES_AGGRESSIVE;
				CLANG_CXX_LANGUAGE_STANDARD = "gnu++20";
				CLANG_ENABLE_MODULES = YES;
				CLANG_ENABLE_OBJC_ARC = YES;
				CLANG_ENABLE_OBJC_WEAK = YES;
				CLANG_WARN_BLOCK_CAPTURE_AUTORELEASING = YES;
				CLANG_WARN_BOOL_CONVERSION = YES;
				CLANG_WARN_COMMA = YES;
				CLANG_WARN_CONSTANT_CONVERSION = YES;
				CLANG_WARN_DEPRECATED_OBJC_IMPLEMENTATIONS = YES;
				CLANG_WARN_DIRECT_OBJC_ISA_USAGE = YES_ERROR;
				CLANG_WARN_DOCUMENTATION_COMMENTS = YES;
				CLANG_WARN_EMPTY_BODY = YES;
				CLANG_WARN_ENUM_CONVERSION = YES;
				CLANG_WARN_INFINITE_RECURSION = YES;
				CLANG_WARN_INT_CONVERSION = YES;
				CLANG_WARN_NON_LITERAL_NULL_CONVERSION = YES;
				CLANG_WARN_OBJC_IMPLICIT_RETAIN_SELF = YES;
				CLANG_WARN_OBJC_LITERAL_CONVERSION = YES;
				CLANG_WARN_OBJC_ROOT_CLASS = YES_ERROR;
				CLANG_WARN_QUOTED_INCLUDE_IN_FRAMEWORK_HEADER = YES;
				CLANG_WARN_RANGE_LOOP_ANALYSIS = YES;
				CLANG_WARN_STRICT_PROTOTYPES = YES;
				CLANG_WARN_SUSPICIOUS_MOVE = YES;
				CLANG_WARN_UNGUARDED_AVAILABILITY = YES_AGGRESSIVE;
				CLANG_WARN_UNREACHABLE_CODE = YES;
				CLANG_WARN__DUPLICATE_METHOD_MATCH = YES;
				COPY_PHASE_STRIP = NO;
				DEBUG_INFORMATION_FORMAT = dwarf;
				ENABLE_STRICT_OBJC_MSGSEND = YES;
				ENABLE_TESTABILITY = YES;
				ENABLE_USER_SCRIPT_SANDBOXING = YES;
				GCC_C_LANGUAGE_STANDARD = gnu17;
				GCC_DYNAMIC_NO_PIC = NO;
				GCC_NO_COMMON_BLOCKS = YES;
				GCC_OPTIMIZATION_LEVEL = 0;
				GCC_PREPROCESSOR_DEFINITIONS = (
					"DEBUG=1",
					"$(inherited)",
				);
				GCC_WARN_64_TO_32_BIT_CONVERSION = YES;
				GCC_WARN_ABOUT_RETURN_TYPE = YES_ERROR;
				GCC_WARN_UNDECLARED_SELECTOR = YES;
				GCC_WARN_UNINITIALIZED_AUTOS = YES_AGGRESSIVE;
				GCC_WARN_UNUSED_FUNCTION = YES;
				GCC_WARN_UNUSED_VARIABLE = YES;
				IPHONEOS_DEPLOYMENT_TARGET = 18.2;
				LOCALIZATION_PREFERS_STRING_CATALOGS = YES;
				MTL_ENABLE_DEBUG_INFO = INCLUDE_SOURCE;
				MTL_FAST_MATH = YES;
				ONLY_ACTIVE_ARCH = YES;
				SDKROOT = iphoneos;
				SWIFT_ACTIVE_COMPILATION_CONDITIONS = "DEBUG $(inherited)";
				SWIFT_OPTIMIZATION_LEVEL = "-Onone";
			};
			name = Debug;
		};
		963419C62DF5CAA400DD59F9 /* Release */ = {
			isa = XCBuildConfiguration;
			buildSettings = {
				ALWAYS_SEARCH_USER_PATHS = NO;
				ASSETCATALOG_COMPILER_GENERATE_SWIFT_ASSET_SYMBOL_EXTENSIONS = YES;
				CLANG_ANALYZER_NONNULL = YES;
				CLANG_ANALYZER_NUMBER_OBJECT_CONVERSION = YES_AGGRESSIVE;
				CLANG_CXX_LANGUAGE_STANDARD = "gnu++20";
				CLANG_ENABLE_MODULES = YES;
				CLANG_ENABLE_OBJC_ARC = YES;
				CLANG_ENABLE_OBJC_WEAK = YES;
				CLANG_WARN_BLOCK_CAPTURE_AUTORELEASING = YES;
				CLANG_WARN_BOOL_CONVERSION = YES;
				CLANG_WARN_COMMA = YES;
				CLANG_WARN_CONSTANT_CONVERSION = YES;
				CLANG_WARN_DEPRECATED_OBJC_IMPLEMENTATIONS = YES;
				CLANG_WARN_DIRECT_OBJC_ISA_USAGE = YES_ERROR;
				CLANG_WARN_DOCUMENTATION_COMMENTS = YES;
				CLANG_WARN_EMPTY_BODY = YES;
				CLANG_WARN_ENUM_CONVERSION = YES;
				CLANG_WARN_INFINITE_RECURSION = YES;
				CLANG_WARN_INT_CONVERSION = YES;
				CLANG_WARN_NON_LITERAL_NULL_CONVERSION = YES;
				CLANG_WARN_OBJC_IMPLICIT_RETAIN_SELF = YES;
				CLANG_WARN_OBJC_LITERAL_CONVERSION = YES;
				CLANG_WARN_OBJC_ROOT_CLASS = YES_ERROR;
				CLANG_WARN_QUOTED_INCLUDE_IN_FRAMEWORK_HEADER = YES;
				CLANG_WARN_RANGE_LOOP_ANALYSIS = YES;
				CLANG_WARN_STRICT_PROTOTYPES = YES;
				CLANG_WARN_SUSPICIOUS_MOVE = YES;
				CLANG_WARN_UNGUARDED_AVAILABILITY = YES_AGGRESSIVE;
				CLANG_WARN_UNREACHABLE_CODE = YES;
				CLANG_WARN__DUPLICATE_METHOD_MATCH = YES;
				COPY_PHASE_STRIP = NO;
				DEBUG_INFORMATION_FORMAT = "dwarf-with-dsym";
				ENABLE_NS_ASSERTIONS = NO;
				ENABLE_STRICT_OBJC_MSGSEND = YES;
				ENABLE_USER_SCRIPT_SANDBOXING = YES;
				GCC_C_LANGUAGE_STANDARD = gnu17;
				GCC_NO_COMMON_BLOCKS = YES;
				GCC_WARN_64_TO_32_BIT_CONVERSION = YES;
				GCC_WARN_ABOUT_RETURN_TYPE = YES_ERROR;
				GCC_WARN_UNDECLARED_SELECTOR = YES;
				GCC_WARN_UNINITIALIZED_AUTOS = YES_AGGRESSIVE;
				GCC_WARN_UNUSED_FUNCTION = YES;
				GCC_WARN_UNUSED_VARIABLE = YES;
				IPHONEOS_DEPLOYMENT_TARGET = 18.2;
				LOCALIZATION_PREFERS_STRING_CATALOGS = YES;
				MTL_ENABLE_DEBUG_INFO = NO;
				MTL_FAST_MATH = YES;
				SDKROOT = iphoneos;
				SWIFT_COMPILATION_MODE = wholemodule;
				VALIDATE_PRODUCT = YES;
			};
			name = Release;
		};
		963419C82DF5CAA400DD59F9 /* Debug */ = {
			isa = XCBuildConfiguration;
			buildSettings = {
				ASSETCATALOG_COMPILER_APPICON_NAME = AppIcon;
				ASSETCATALOG_COMPILER_GLOBAL_ACCENT_COLOR_NAME = AccentColor;
				CODE_SIGN_ENTITLEMENTS = Pawsteps/Pawsteps.entitlements;
				CODE_SIGN_STYLE = Automatic;
				CURRENT_PROJECT_VERSION = 1;
				DEVELOPMENT_ASSET_PATHS = "\"Pawsteps/Preview Content\"";
				DEVELOPMENT_TEAM = S4UF7B8MF6;
				ENABLE_PREVIEWS = YES;
				GENERATE_INFOPLIST_FILE = YES;
				INFOPLIST_FILE = Pawsteps/Info.plist;
				INFOPLIST_KEY_CFBundleDisplayName = Pawsteps;
				INFOPLIST_KEY_NSHealthShareUsageDescription = "Pawsteps needs access to your step count and walking distance to estimate your dog's daily steps and encourage regular walks together.";
				INFOPLIST_KEY_NSHealthUpdateUsageDescription = "Pawsteps may save workout and activity data to help track your dog's exercise goals and progress.";
				INFOPLIST_KEY_NSLocationWhenInUseUsageDescription = "Pawsteps uses your location to track walking distance and provide accurate step counting during dog walks.";
				INFOPLIST_KEY_NSMotionUsageDescription = "Pawsteps needs access to motion data to track your steps during walks with your dog. This helps us estimate how many steps your dog takes based on your movement patterns.";
				INFOPLIST_KEY_NSSupportsLiveActivities = YES;
				INFOPLIST_KEY_NSSupportsLiveActivitiesFrequentUpdates = YES;
				INFOPLIST_KEY_UIApplicationSceneManifest_Generation = YES;
				INFOPLIST_KEY_UIApplicationSupportsIndirectInputEvents = YES;
				INFOPLIST_KEY_UILaunchScreen_Generation = YES;
				INFOPLIST_KEY_UISupportedInterfaceOrientations_iPad = "UIInterfaceOrientationPortrait UIInterfaceOrientationPortraitUpsideDown UIInterfaceOrientationLandscapeLeft UIInterfaceOrientationLandscapeRight";
				INFOPLIST_KEY_UISupportedInterfaceOrientations_iPhone = "UIInterfaceOrientationPortrait UIInterfaceOrientationLandscapeLeft UIInterfaceOrientationLandscapeRight";
				LD_RUNPATH_SEARCH_PATHS = (
					"$(inherited)",
					"@executable_path/Frameworks",
				);
				MARKETING_VERSION = 1.0;
				PRODUCT_BUNDLE_IDENTIFIER = com.bims.Doggysteps;
				PRODUCT_NAME = "$(TARGET_NAME)";
				SWIFT_EMIT_LOC_STRINGS = YES;
				SWIFT_VERSION = 5.0;
				TARGETED_DEVICE_FAMILY = "1,2";
			};
			name = Debug;
		};
		963419C92DF5CAA400DD59F9 /* Release */ = {
			isa = XCBuildConfiguration;
			buildSettings = {
				ASSETCATALOG_COMPILER_APPICON_NAME = AppIcon;
				ASSETCATALOG_COMPILER_GLOBAL_ACCENT_COLOR_NAME = AccentColor;
				CODE_SIGN_ENTITLEMENTS = Pawsteps/Pawsteps.entitlements;
				CODE_SIGN_STYLE = Automatic;
				CURRENT_PROJECT_VERSION = 1;
				DEVELOPMENT_ASSET_PATHS = "\"Pawsteps/Preview Content\"";
				DEVELOPMENT_TEAM = S4UF7B8MF6;
				ENABLE_PREVIEWS = YES;
				GENERATE_INFOPLIST_FILE = YES;
				INFOPLIST_FILE = Pawsteps/Info.plist;
				INFOPLIST_KEY_CFBundleDisplayName = Pawsteps;
				INFOPLIST_KEY_NSHealthShareUsageDescription = "Pawsteps needs access to your step count and walking distance to estimate your dog's daily steps and encourage regular walks together.";
				INFOPLIST_KEY_NSHealthUpdateUsageDescription = "Pawsteps may save workout and activity data to help track your dog's exercise goals and progress.";
				INFOPLIST_KEY_NSLocationWhenInUseUsageDescription = "Pawsteps uses your location to track walking distance and provide accurate step counting during dog walks.";
				INFOPLIST_KEY_NSMotionUsageDescription = "Pawsteps needs access to motion data to track your steps during walks with your dog. This helps us estimate how many steps your dog takes based on your movement patterns.";
				INFOPLIST_KEY_NSSupportsLiveActivities = YES;
				INFOPLIST_KEY_NSSupportsLiveActivitiesFrequentUpdates = YES;
				INFOPLIST_KEY_UIApplicationSceneManifest_Generation = YES;
				INFOPLIST_KEY_UIApplicationSupportsIndirectInputEvents = YES;
				INFOPLIST_KEY_UILaunchScreen_Generation = YES;
				INFOPLIST_KEY_UISupportedInterfaceOrientations_iPad = "UIInterfaceOrientationPortrait UIInterfaceOrientationPortraitUpsideDown UIInterfaceOrientationLandscapeLeft UIInterfaceOrientationLandscapeRight";
				INFOPLIST_KEY_UISupportedInterfaceOrientations_iPhone = "UIInterfaceOrientationPortrait UIInterfaceOrientationLandscapeLeft UIInterfaceOrientationLandscapeRight";
				LD_RUNPATH_SEARCH_PATHS = (
					"$(inherited)",
					"@executable_path/Frameworks",
				);
				MARKETING_VERSION = 1.0;
				PRODUCT_BUNDLE_IDENTIFIER = com.bims.Doggysteps;
				PRODUCT_NAME = "$(TARGET_NAME)";
				SWIFT_EMIT_LOC_STRINGS = YES;
				SWIFT_VERSION = 5.0;
				TARGETED_DEVICE_FAMILY = "1,2";
			};
			name = Release;
		};
		96404C452E152CA900D4B33B /* Debug */ = {
			isa = XCBuildConfiguration;
			buildSettings = {
				ASSETCATALOG_COMPILER_GLOBAL_ACCENT_COLOR_NAME = AccentColor;
				ASSETCATALOG_COMPILER_WIDGET_BACKGROUND_COLOR_NAME = WidgetBackground;
				CODE_SIGN_STYLE = Automatic;
				CURRENT_PROJECT_VERSION = 1;
				DEVELOPMENT_TEAM = S4UF7B8MF6;
				GENERATE_INFOPLIST_FILE = YES;
				INFOPLIST_FILE = PawstepsWidgets/Info.plist;
				INFOPLIST_KEY_CFBundleDisplayName = PawstepsWidgets;
				INFOPLIST_KEY_NSHumanReadableCopyright = "";
				IPHONEOS_DEPLOYMENT_TARGET = 18.5;
				LD_RUNPATH_SEARCH_PATHS = (
					"$(inherited)",
					"@executable_path/Frameworks",
					"@executable_path/../../Frameworks",
				);
				MARKETING_VERSION = 1.0;
				PRODUCT_BUNDLE_IDENTIFIER = com.bims.Pawsteps.PawstepsWidgets;
				PRODUCT_NAME = "$(TARGET_NAME)";
				SKIP_INSTALL = YES;
				SWIFT_EMIT_LOC_STRINGS = YES;
				SWIFT_VERSION = 5.0;
				TARGETED_DEVICE_FAMILY = "1,2";
			};
			name = Debug;
		};
		96404C462E152CA900D4B33B /* Release */ = {
			isa = XCBuildConfiguration;
			buildSettings = {
				ASSETCATALOG_COMPILER_GLOBAL_ACCENT_COLOR_NAME = AccentColor;
				ASSETCATALOG_COMPILER_WIDGET_BACKGROUND_COLOR_NAME = WidgetBackground;
				CODE_SIGN_STYLE = Automatic;
				CURRENT_PROJECT_VERSION = 1;
				DEVELOPMENT_TEAM = S4UF7B8MF6;
				GENERATE_INFOPLIST_FILE = YES;
				INFOPLIST_FILE = PawstepsWidgets/Info.plist;
				INFOPLIST_KEY_CFBundleDisplayName = PawstepsWidgets;
				INFOPLIST_KEY_NSHumanReadableCopyright = "";
				IPHONEOS_DEPLOYMENT_TARGET = 18.5;
				LD_RUNPATH_SEARCH_PATHS = (
					"$(inherited)",
					"@executable_path/Frameworks",
					"@executable_path/../../Frameworks",
				);
				MARKETING_VERSION = 1.0;
				PRODUCT_BUNDLE_IDENTIFIER = com.bims.Pawsteps.PawstepsWidgets;
				PRODUCT_NAME = "$(TARGET_NAME)";
				SKIP_INSTALL = YES;
				SWIFT_EMIT_LOC_STRINGS = YES;
				SWIFT_VERSION = 5.0;
				TARGETED_DEVICE_FAMILY = "1,2";
			};
			name = Release;
		};
/* End XCBuildConfiguration section */

/* Begin XCConfigurationList section */
		963419B42DF5CAA200DD59F9 /* Build configuration list for PBXProject "Pawsteps" */ = {
			isa = XCConfigurationList;
			buildConfigurations = (
				963419C52DF5CAA400DD59F9 /* Debug */,
				963419C62DF5CAA400DD59F9 /* Release */,
			);
			defaultConfigurationIsVisible = 0;
			defaultConfigurationName = Release;
		};
		963419C72DF5CAA400DD59F9 /* Build configuration list for PBXNativeTarget "Pawsteps" */ = {
			isa = XCConfigurationList;
			buildConfigurations = (
				963419C82DF5CAA400DD59F9 /* Debug */,
				963419C92DF5CAA400DD59F9 /* Release */,
			);
			defaultConfigurationIsVisible = 0;
			defaultConfigurationName = Release;
		};
		96404C442E152CA900D4B33B /* Build configuration list for PBXNativeTarget "PawstepsWidgetsExtension" */ = {
			isa = XCConfigurationList;
			buildConfigurations = (
				96404C452E152CA900D4B33B /* Debug */,
				96404C462E152CA900D4B33B /* Release */,
			);
			defaultConfigurationIsVisible = 0;
			defaultConfigurationName = Release;
		};
/* End XCConfigurationList section */
	};
	rootObject = 963419B12DF5CAA200DD59F9 /* Project object */;
}
